
Microsoft Visual Studio Solution File, Format Version 12.00
# Visual Studio Version 17
VisualStudioVersion = 17.6.33829.357
MinimumVisualStudioVersion = 10.0.40219.1
Project("{FAE04EC0-301F-11D3-BF4B-00C04F79EFBC}") = "Demo", "Demo.csproj", "{817FB2F8-2A7E-4BDA-A12F-8BC18BEFC5ED}"
EndProject
Global
	GlobalSection(SolutionConfigurationPlatforms) = preSolution
		Debug|Any CPU = Debug|Any CPU
		Release|Any CPU = Release|Any CPU
	EndGlobalSection
	GlobalSection(ProjectConfigurationPlatforms) = postSolution
		{817FB2F8-2A7E-4BDA-A12F-8BC18BEFC5ED}.Debug|Any CPU.ActiveCfg = Debug|Any CPU
		{817FB2F8-2A7E-4BDA-A12F-8BC18BEFC5ED}.Debug|Any CPU.Build.0 = Debug|Any CPU
		{817FB2F8-2A7E-4BDA-A12F-8BC18BEFC5ED}.Release|Any CPU.ActiveCfg = Release|Any CPU
		{817FB2F8-2A7E-4BDA-A12F-8BC18BEFC5ED}.Release|Any CPU.Build.0 = Release|Any CPU
	EndGlobalSection
	GlobalSection(SolutionProperties) = preSolution
		HideSolutionNode = FALSE
	EndGlobalSection
	GlobalSection(ExtensibilityGlobals) = postSolution
		SolutionGuid = {177AB4BB-7237-4EE1-921E-CEE554D84781}
	EndGlobalSection
EndGlobal
